
Microsoft Visual Studio Solution File, Format Version 12.00
# Visual Studio Version 17
VisualStudioVersion = 17.8.34511.84
MinimumVisualStudioVersion = 10.0.40219.1
Project("{FAE04EC0-301F-11D3-BF4B-00C04F79EFBC}") = "Lucas Numbers Generator", "Lucas Numbers Generator.csproj", "{136AF33B-4704-469B-BEF5-2F44E50BB80A}"
EndProject
Global
	GlobalSection(SolutionConfigurationPlatforms) = preSolution
		Debug|Any CPU = Debug|Any CPU
		Release|Any CPU = Release|Any CPU
	EndGlobalSection
	GlobalSection(ProjectConfigurationPlatforms) = postSolution
		{136AF33B-4704-469B-BEF5-2F44E50BB80A}.Debug|Any CPU.ActiveCfg = Debug|Any CPU
		{136AF33B-4704-469B-BEF5-2F44E50BB80A}.Debug|Any CPU.Build.0 = Debug|Any CPU
		{136AF33B-4704-469B-BEF5-2F44E50BB80A}.Release|Any CPU.ActiveCfg = Release|Any CPU
		{136AF33B-4704-469B-BEF5-2F44E50BB80A}.Release|Any CPU.Build.0 = Release|Any CPU
	EndGlobalSection
	GlobalSection(SolutionProperties) = preSolution
		HideSolutionNode = FALSE
	EndGlobalSection
	GlobalSection(ExtensibilityGlobals) = postSolution
		SolutionGuid = {FED1176E-C893-430F-865B-AE809C5FB698}
	EndGlobalSection
EndGlobal
